
Microsoft Visual Studio Solution File, Format Version 12.00
# Visual Studio Version 17
VisualStudioVersion = 17.13.35931.197 d17.13
MinimumVisualStudioVersion = 10.0.40219.1
Project("{FAE04EC0-301F-11D3-BF4B-00C04F79EFBC}") = "JogoMemoria", "JogoMemoria\JogoMemoria.csproj", "{9C20CD16-0B53-48EA-956B-3E74855B58C8}"
EndProject
Global
	GlobalSection(SolutionConfigurationPlatforms) = preSolution
		Debug|Any CPU = Debug|Any CPU
		Release|Any CPU = Release|Any CPU
	EndGlobalSection
	GlobalSection(ProjectConfigurationPlatforms) = postSolution
		{9C20CD16-0B53-48EA-956B-3E74855B58C8}.Debug|Any CPU.ActiveCfg = Debug|Any CPU
		{9C20CD16-0B53-48EA-956B-3E74855B58C8}.Debug|Any CPU.Build.0 = Debug|Any CPU
		{9C20CD16-0B53-48EA-956B-3E74855B58C8}.Release|Any CPU.ActiveCfg = Release|Any CPU
		{9C20CD16-0B53-48EA-956B-3E74855B58C8}.Release|Any CPU.Build.0 = Release|Any CPU
	EndGlobalSection
	GlobalSection(SolutionProperties) = preSolution
		HideSolutionNode = FALSE
	EndGlobalSection
	GlobalSection(ExtensibilityGlobals) = postSolution
		SolutionGuid = {FC71476C-EE9D-4572-A6CF-82178E6F79BD}
	EndGlobalSection
EndGlobal
